
Microsoft Visual Studio Solution File, Format Version 12.00
# Visual Studio 15
VisualStudioVersion = 15.0.26430.15
MinimumVisualStudioVersion = 10.0.40219.1
Project("{FAE04EC0-301F-11D3-BF4B-00C04F79EFBC}") = "FollowerForm", "FollowerForm\FollowerForm.csproj", "{1401622B-1AA0-4BCF-8439-03F6875FFCAB}"
EndProject
Project("{FAE04EC0-301F-11D3-BF4B-00C04F79EFBC}") = "InstagramSelenium", "InstagramSelenium\InstagramSelenium.csproj", "{C1D092FE-57EE-484D-A2F2-F6835E9A1218}"
EndProject
Project("{FAE04EC0-301F-11D3-BF4B-00C04F79EFBC}") = "FlwService", "FlwService\FlwService.csproj", "{84D19625-0AF6-4185-AFAA-39833B9AE09A}"
EndProject
Project("{FAE04EC0-301F-11D3-BF4B-00C04F79EFBC}") = "InstagramTest", "InstagramTest\InstagramTest.csproj", "{ABF19703-11BA-47DC-B8BF-333A905E56C2}"
EndProject
Project("{FAE04EC0-301F-11D3-BF4B-00C04F79EFBC}") = "FlwDatabase", "FlwDatabase\FlwDatabase.csproj", "{FA847621-D277-4630-BF45-86C66A108B2C}"
EndProject
Project("{FAE04EC0-301F-11D3-BF4B-00C04F79EFBC}") = "InstagramModels", "InstagramModels\InstagramModels.csproj", "{7E5E278E-758F-47FD-BF41-772A60428C7D}"
EndProject
Project("{FAE04EC0-301F-11D3-BF4B-00C04F79EFBC}") = "FlwMetricService", "FlwMetricService\FlwMetricService.csproj", "{B3A752E4-3A28-414C-AB85-3B664EC79FA9}"
EndProject
Project("{FAE04EC0-301F-11D3-BF4B-00C04F79EFBC}") = "WebApplication1", "WebApplication1\WebApplication1.csproj", "{850F9792-AB65-4D0F-A94E-0C8221E3185A}"
EndProject
Project("{FAE04EC0-301F-11D3-BF4B-00C04F79EFBC}") = "FlwSaver", "FlwSaver\FlwSaver.csproj", "{751EC1BB-E30A-4110-8443-9518D1E635CD}"
EndProject
Global
	GlobalSection(SolutionConfigurationPlatforms) = preSolution
		Debug|Any CPU = Debug|Any CPU
		Debug|x64 = Debug|x64
		Debug|x86 = Debug|x86
		Release|Any CPU = Release|Any CPU
		Release|x64 = Release|x64
		Release|x86 = Release|x86
	EndGlobalSection
	GlobalSection(ProjectConfigurationPlatforms) = postSolution
		{1401622B-1AA0-4BCF-8439-03F6875FFCAB}.Debug|Any CPU.ActiveCfg = Debug|Any CPU
		{1401622B-1AA0-4BCF-8439-03F6875FFCAB}.Debug|Any CPU.Build.0 = Debug|Any CPU
		{1401622B-1AA0-4BCF-8439-03F6875FFCAB}.Debug|x64.ActiveCfg = Debug|Any CPU
		{1401622B-1AA0-4BCF-8439-03F6875FFCAB}.Debug|x64.Build.0 = Debug|Any CPU
		{1401622B-1AA0-4BCF-8439-03F6875FFCAB}.Debug|x86.ActiveCfg = Debug|x86
		{1401622B-1AA0-4BCF-8439-03F6875FFCAB}.Debug|x86.Build.0 = Debug|x86
		{1401622B-1AA0-4BCF-8439-03F6875FFCAB}.Release|Any CPU.ActiveCfg = Release|Any CPU
		{1401622B-1AA0-4BCF-8439-03F6875FFCAB}.Release|Any CPU.Build.0 = Release|Any CPU
		{1401622B-1AA0-4BCF-8439-03F6875FFCAB}.Release|x64.ActiveCfg = Release|Any CPU
		{1401622B-1AA0-4BCF-8439-03F6875FFCAB}.Release|x64.Build.0 = Release|Any CPU
		{1401622B-1AA0-4BCF-8439-03F6875FFCAB}.Release|x86.ActiveCfg = Release|x86
		{1401622B-1AA0-4BCF-8439-03F6875FFCAB}.Release|x86.Build.0 = Release|x86
		{C1D092FE-57EE-484D-A2F2-F6835E9A1218}.Debug|Any CPU.ActiveCfg = Debug|Any CPU
		{C1D092FE-57EE-484D-A2F2-F6835E9A1218}.Debug|Any CPU.Build.0 = Debug|Any CPU
		{C1D092FE-57EE-484D-A2F2-F6835E9A1218}.Debug|x64.ActiveCfg = Debug|Any CPU
		{C1D092FE-57EE-484D-A2F2-F6835E9A1218}.Debug|x64.Build.0 = Debug|Any CPU
		{C1D092FE-57EE-484D-A2F2-F6835E9A1218}.Debug|x86.ActiveCfg = Debug|x86
		{C1D092FE-57EE-484D-A2F2-F6835E9A1218}.Debug|x86.Build.0 = Debug|x86
		{C1D092FE-57EE-484D-A2F2-F6835E9A1218}.Release|Any CPU.ActiveCfg = Release|Any CPU
		{C1D092FE-57EE-484D-A2F2-F6835E9A1218}.Release|Any CPU.Build.0 = Release|Any CPU
		{C1D092FE-57EE-484D-A2F2-F6835E9A1218}.Release|x64.ActiveCfg = Release|Any CPU
		{C1D092FE-57EE-484D-A2F2-F6835E9A1218}.Release|x64.Build.0 = Release|Any CPU
		{C1D092FE-57EE-484D-A2F2-F6835E9A1218}.Release|x86.ActiveCfg = Release|x86
		{C1D092FE-57EE-484D-A2F2-F6835E9A1218}.Release|x86.Build.0 = Release|x86
		{84D19625-0AF6-4185-AFAA-39833B9AE09A}.Debug|Any CPU.ActiveCfg = Debug|Any CPU
		{84D19625-0AF6-4185-AFAA-39833B9AE09A}.Debug|Any CPU.Build.0 = Debug|Any CPU
		{84D19625-0AF6-4185-AFAA-39833B9AE09A}.Debug|x64.ActiveCfg = Debug|x64
		{84D19625-0AF6-4185-AFAA-39833B9AE09A}.Debug|x64.Build.0 = Debug|x64
		{84D19625-0AF6-4185-AFAA-39833B9AE09A}.Debug|x86.ActiveCfg = Debug|x86
		{84D19625-0AF6-4185-AFAA-39833B9AE09A}.Debug|x86.Build.0 = Debug|x86
		{84D19625-0AF6-4185-AFAA-39833B9AE09A}.Release|Any CPU.ActiveCfg = Release|Any CPU
		{84D19625-0AF6-4185-AFAA-39833B9AE09A}.Release|Any CPU.Build.0 = Release|Any CPU
		{84D19625-0AF6-4185-AFAA-39833B9AE09A}.Release|x64.ActiveCfg = Release|x64
		{84D19625-0AF6-4185-AFAA-39833B9AE09A}.Release|x64.Build.0 = Release|x64
		{84D19625-0AF6-4185-AFAA-39833B9AE09A}.Release|x86.ActiveCfg = Release|x86
		{84D19625-0AF6-4185-AFAA-39833B9AE09A}.Release|x86.Build.0 = Release|x86
		{ABF19703-11BA-47DC-B8BF-333A905E56C2}.Debug|Any CPU.ActiveCfg = Debug|Any CPU
		{ABF19703-11BA-47DC-B8BF-333A905E56C2}.Debug|Any CPU.Build.0 = Debug|Any CPU
		{ABF19703-11BA-47DC-B8BF-333A905E56C2}.Debug|x64.ActiveCfg = Debug|Any CPU
		{ABF19703-11BA-47DC-B8BF-333A905E56C2}.Debug|x64.Build.0 = Debug|Any CPU
		{ABF19703-11BA-47DC-B8BF-333A905E56C2}.Debug|x86.ActiveCfg = Debug|x86
		{ABF19703-11BA-47DC-B8BF-333A905E56C2}.Debug|x86.Build.0 = Debug|x86
		{ABF19703-11BA-47DC-B8BF-333A905E56C2}.Release|Any CPU.ActiveCfg = Release|Any CPU
		{ABF19703-11BA-47DC-B8BF-333A905E56C2}.Release|Any CPU.Build.0 = Release|Any CPU
		{ABF19703-11BA-47DC-B8BF-333A905E56C2}.Release|x64.ActiveCfg = Release|Any CPU
		{ABF19703-11BA-47DC-B8BF-333A905E56C2}.Release|x64.Build.0 = Release|Any CPU
		{ABF19703-11BA-47DC-B8BF-333A905E56C2}.Release|x86.ActiveCfg = Release|x86
		{ABF19703-11BA-47DC-B8BF-333A905E56C2}.Release|x86.Build.0 = Release|x86
		{FA847621-D277-4630-BF45-86C66A108B2C}.Debug|Any CPU.ActiveCfg = Debug|Any CPU
		{FA847621-D277-4630-BF45-86C66A108B2C}.Debug|Any CPU.Build.0 = Debug|Any CPU
		{FA847621-D277-4630-BF45-86C66A108B2C}.Debug|x64.ActiveCfg = Debug|Any CPU
		{FA847621-D277-4630-BF45-86C66A108B2C}.Debug|x64.Build.0 = Debug|Any CPU
		{FA847621-D277-4630-BF45-86C66A108B2C}.Debug|x86.ActiveCfg = Debug|x86
		{FA847621-D277-4630-BF45-86C66A108B2C}.Debug|x86.Build.0 = Debug|x86
		{FA847621-D277-4630-BF45-86C66A108B2C}.Release|Any CPU.ActiveCfg = Release|Any CPU
		{FA847621-D277-4630-BF45-86C66A108B2C}.Release|Any CPU.Build.0 = Release|Any CPU
		{FA847621-D277-4630-BF45-86C66A108B2C}.Release|x64.ActiveCfg = Release|Any CPU
		{FA847621-D277-4630-BF45-86C66A108B2C}.Release|x64.Build.0 = Release|Any CPU
		{FA847621-D277-4630-BF45-86C66A108B2C}.Release|x86.ActiveCfg = Release|x86
		{FA847621-D277-4630-BF45-86C66A108B2C}.Release|x86.Build.0 = Release|x86
		{7E5E278E-758F-47FD-BF41-772A60428C7D}.Debug|Any CPU.ActiveCfg = Debug|Any CPU
		{7E5E278E-758F-47FD-BF41-772A60428C7D}.Debug|Any CPU.Build.0 = Debug|Any CPU
		{7E5E278E-758F-47FD-BF41-772A60428C7D}.Debug|x64.ActiveCfg = Debug|Any CPU
		{7E5E278E-758F-47FD-BF41-772A60428C7D}.Debug|x64.Build.0 = Debug|Any CPU
		{7E5E278E-758F-47FD-BF41-772A60428C7D}.Debug|x86.ActiveCfg = Debug|x86
		{7E5E278E-758F-47FD-BF41-772A60428C7D}.Debug|x86.Build.0 = Debug|x86
		{7E5E278E-758F-47FD-BF41-772A60428C7D}.Release|Any CPU.ActiveCfg = Release|Any CPU
		{7E5E278E-758F-47FD-BF41-772A60428C7D}.Release|Any CPU.Build.0 = Release|Any CPU
		{7E5E278E-758F-47FD-BF41-772A60428C7D}.Release|x64.ActiveCfg = Release|Any CPU
		{7E5E278E-758F-47FD-BF41-772A60428C7D}.Release|x64.Build.0 = Release|Any CPU
		{7E5E278E-758F-47FD-BF41-772A60428C7D}.Release|x86.ActiveCfg = Release|x86
		{7E5E278E-758F-47FD-BF41-772A60428C7D}.Release|x86.Build.0 = Release|x86
		{B3A752E4-3A28-414C-AB85-3B664EC79FA9}.Debug|Any CPU.ActiveCfg = Debug|Any CPU
		{B3A752E4-3A28-414C-AB85-3B664EC79FA9}.Debug|Any CPU.Build.0 = Debug|Any CPU
		{B3A752E4-3A28-414C-AB85-3B664EC79FA9}.Debug|x64.ActiveCfg = Debug|Any CPU
		{B3A752E4-3A28-414C-AB85-3B664EC79FA9}.Debug|x64.Build.0 = Debug|Any CPU
		{B3A752E4-3A28-414C-AB85-3B664EC79FA9}.Debug|x86.ActiveCfg = Debug|Any CPU
		{B3A752E4-3A28-414C-AB85-3B664EC79FA9}.Debug|x86.Build.0 = Debug|Any CPU
		{B3A752E4-3A28-414C-AB85-3B664EC79FA9}.Release|Any CPU.ActiveCfg = Release|Any CPU
		{B3A752E4-3A28-414C-AB85-3B664EC79FA9}.Release|Any CPU.Build.0 = Release|Any CPU
		{B3A752E4-3A28-414C-AB85-3B664EC79FA9}.Release|x64.ActiveCfg = Release|Any CPU
		{B3A752E4-3A28-414C-AB85-3B664EC79FA9}.Release|x64.Build.0 = Release|Any CPU
		{B3A752E4-3A28-414C-AB85-3B664EC79FA9}.Release|x86.ActiveCfg = Release|Any CPU
		{B3A752E4-3A28-414C-AB85-3B664EC79FA9}.Release|x86.Build.0 = Release|Any CPU
		{850F9792-AB65-4D0F-A94E-0C8221E3185A}.Debug|Any CPU.ActiveCfg = Debug|Any CPU
		{850F9792-AB65-4D0F-A94E-0C8221E3185A}.Debug|Any CPU.Build.0 = Debug|Any CPU
		{850F9792-AB65-4D0F-A94E-0C8221E3185A}.Debug|x64.ActiveCfg = Debug|Any CPU
		{850F9792-AB65-4D0F-A94E-0C8221E3185A}.Debug|x64.Build.0 = Debug|Any CPU
		{850F9792-AB65-4D0F-A94E-0C8221E3185A}.Debug|x86.ActiveCfg = Debug|Any CPU
		{850F9792-AB65-4D0F-A94E-0C8221E3185A}.Debug|x86.Build.0 = Debug|Any CPU
		{850F9792-AB65-4D0F-A94E-0C8221E3185A}.Release|Any CPU.ActiveCfg = Release|Any CPU
		{850F9792-AB65-4D0F-A94E-0C8221E3185A}.Release|Any CPU.Build.0 = Release|Any CPU
		{850F9792-AB65-4D0F-A94E-0C8221E3185A}.Release|x64.ActiveCfg = Release|Any CPU
		{850F9792-AB65-4D0F-A94E-0C8221E3185A}.Release|x64.Build.0 = Release|Any CPU
		{850F9792-AB65-4D0F-A94E-0C8221E3185A}.Release|x86.ActiveCfg = Release|Any CPU
		{850F9792-AB65-4D0F-A94E-0C8221E3185A}.Release|x86.Build.0 = Release|Any CPU
		{751EC1BB-E30A-4110-8443-9518D1E635CD}.Debug|Any CPU.ActiveCfg = Debug|Any CPU
		{751EC1BB-E30A-4110-8443-9518D1E635CD}.Debug|Any CPU.Build.0 = Debug|Any CPU
		{751EC1BB-E30A-4110-8443-9518D1E635CD}.Debug|x64.ActiveCfg = Debug|Any CPU
		{751EC1BB-E30A-4110-8443-9518D1E635CD}.Debug|x64.Build.0 = Debug|Any CPU
		{751EC1BB-E30A-4110-8443-9518D1E635CD}.Debug|x86.ActiveCfg = Debug|Any CPU
		{751EC1BB-E30A-4110-8443-9518D1E635CD}.Debug|x86.Build.0 = Debug|Any CPU
		{751EC1BB-E30A-4110-8443-9518D1E635CD}.Release|Any CPU.ActiveCfg = Release|Any CPU
		{751EC1BB-E30A-4110-8443-9518D1E635CD}.Release|Any CPU.Build.0 = Release|Any CPU
		{751EC1BB-E30A-4110-8443-9518D1E635CD}.Release|x64.ActiveCfg = Release|Any CPU
		{751EC1BB-E30A-4110-8443-9518D1E635CD}.Release|x64.Build.0 = Release|Any CPU
		{751EC1BB-E30A-4110-8443-9518D1E635CD}.Release|x86.ActiveCfg = Release|Any CPU
		{751EC1BB-E30A-4110-8443-9518D1E635CD}.Release|x86.Build.0 = Release|Any CPU
	EndGlobalSection
	GlobalSection(SolutionProperties) = preSolution
		HideSolutionNode = FALSE
	EndGlobalSection
EndGlobal
